
Microsoft Visual Studio Solution File, Format Version 11.00
# Visual Studio 2010
# SharpDevelop 5.0
Project("{FAE04EC0-301F-11D3-BF4B-00C04F79EFBC}") = "BUKEP.Student.Todo", "BUKEP.Student.Todo.csproj", "{C48B6AE6-A626-4A44-A7D1-0DE0CCF658A1}"
EndProject
Global
	GlobalSection(SolutionConfigurationPlatforms) = preSolution
		Debug|Any CPU = Debug|Any CPU
		Release|Any CPU = Release|Any CPU
	EndGlobalSection
	GlobalSection(ProjectConfigurationPlatforms) = postSolution
		{C48B6AE6-A626-4A44-A7D1-0DE0CCF658A1}.Debug|Any CPU.ActiveCfg = Debug|Any CPU
		{C48B6AE6-A626-4A44-A7D1-0DE0CCF658A1}.Debug|Any CPU.Build.0 = Debug|Any CPU
		{C48B6AE6-A626-4A44-A7D1-0DE0CCF658A1}.Release|Any CPU.ActiveCfg = Release|Any CPU
		{C48B6AE6-A626-4A44-A7D1-0DE0CCF658A1}.Release|Any CPU.Build.0 = Release|Any CPU
	EndGlobalSection
EndGlobal
