
Microsoft Visual Studio Solution File, Format Version 12.00
# Visual Studio Version 17
VisualStudioVersion = 17.7.34202.233
MinimumVisualStudioVersion = 10.0.40219.1
Project("{9A19103F-16F7-4668-BE54-9A1E7A4F7556}") = "BUKEP.Student.WindowsTodo", "..\BUKEP.Student.WindowsTodo\BUKEP.Student.WindowsTodo.csproj", "{305E5671-1938-4B02-A4DE-82B483A26CA4}"
EndProject
Project("{9A19103F-16F7-4668-BE54-9A1E7A4F7556}") = "BUKEP.Student.ConsoleTodo", "..\BUKEP.Student.ConsoleTodo\BUKEP.Student.ConsoleTodo.csproj", "{A6B56477-E094-40A2-ABD5-BD5CC884CB2E}"
EndProject
Project("{9A19103F-16F7-4668-BE54-9A1E7A4F7556}") = "BUKEP.Student.Todo", "BUKEP.Student.Todo\BUKEP.Student.Todo.csproj", "{5D0BA016-01C2-48D5-9433-5D9551F77A8A}"
EndProject
Global
	GlobalSection(SolutionConfigurationPlatforms) = preSolution
		Debug|Any CPU = Debug|Any CPU
		Release|Any CPU = Release|Any CPU
	EndGlobalSection
	GlobalSection(ProjectConfigurationPlatforms) = postSolution
		{305E5671-1938-4B02-A4DE-82B483A26CA4}.Debug|Any CPU.ActiveCfg = Debug|Any CPU
		{305E5671-1938-4B02-A4DE-82B483A26CA4}.Debug|Any CPU.Build.0 = Debug|Any CPU
		{305E5671-1938-4B02-A4DE-82B483A26CA4}.Release|Any CPU.ActiveCfg = Release|Any CPU
		{305E5671-1938-4B02-A4DE-82B483A26CA4}.Release|Any CPU.Build.0 = Release|Any CPU
		{A6B56477-E094-40A2-ABD5-BD5CC884CB2E}.Debug|Any CPU.ActiveCfg = Debug|Any CPU
		{A6B56477-E094-40A2-ABD5-BD5CC884CB2E}.Debug|Any CPU.Build.0 = Debug|Any CPU
		{A6B56477-E094-40A2-ABD5-BD5CC884CB2E}.Release|Any CPU.ActiveCfg = Release|Any CPU
		{A6B56477-E094-40A2-ABD5-BD5CC884CB2E}.Release|Any CPU.Build.0 = Release|Any CPU
		{5D0BA016-01C2-48D5-9433-5D9551F77A8A}.Debug|Any CPU.ActiveCfg = Debug|Any CPU
		{5D0BA016-01C2-48D5-9433-5D9551F77A8A}.Debug|Any CPU.Build.0 = Debug|Any CPU
		{5D0BA016-01C2-48D5-9433-5D9551F77A8A}.Release|Any CPU.ActiveCfg = Release|Any CPU
		{5D0BA016-01C2-48D5-9433-5D9551F77A8A}.Release|Any CPU.Build.0 = Release|Any CPU
	EndGlobalSection
	GlobalSection(SolutionProperties) = preSolution
		HideSolutionNode = FALSE
	EndGlobalSection
	GlobalSection(ExtensibilityGlobals) = postSolution
		SolutionGuid = {66C50128-2DD4-4963-8A30-BA94E6D5020F}
	EndGlobalSection
EndGlobal
