
Microsoft Visual Studio Solution File, Format Version 12.00
# Visual Studio Version 17
VisualStudioVersion = 17.7.34202.233
MinimumVisualStudioVersion = 10.0.40219.1
Project("{9A19103F-16F7-4668-BE54-9A1E7A4F7556}") = "BUKEP.Student.WindowsTodo", "BUKEP.Student.WindowsTodo\BUKEP.Student.WindowsTodo.csproj", "{EF044920-C808-4029-AAFE-5D71A47E0E7F}"
EndProject
Project("{9A19103F-16F7-4668-BE54-9A1E7A4F7556}") = "BUKEP.Student.Todo", "BUKEP.Student.Todo\BUKEP.Student.Todo.csproj", "{DE3FAADA-04E6-4289-B69D-F64D9120640E}"
EndProject
Project("{9A19103F-16F7-4668-BE54-9A1E7A4F7556}") = "BUKEP.Student.ConsoleTodo", "BUKEP.Student.ConsoleTodo\BUKEP.Student.ConsoleTodo.csproj", "{26007DE1-1BD8-4999-8C09-D904EDA25DFD}"
EndProject
Project("{9A19103F-16F7-4668-BE54-9A1E7A4F7556}") = "BUKEP.Student.Todo.Data", "BUKEP.Student.Todo.Data\BUKEP.Student.Todo.Data.csproj", "{198418A3-392C-493F-AC41-CC4AE2449C88}"
EndProject
Project("{FAE04EC0-301F-11D3-BF4B-00C04F79EFBC}") = "BUKEP.Student.WebFormsTodo", "BUKEP.Student.WebFormsTodo\BUKEP.Student.WebFormsTodo.csproj", "{F1BE5FD8-C5B7-4700-BA84-3511A6BF3D8D}"
EndProject
Project("{FAE04EC0-301F-11D3-BF4B-00C04F79EFBC}") = "BUKEP.Student.MvcTodo", "BUKEP.Student.MvcTodo\BUKEP.Student.MvcTodo.csproj", "{2139EB64-E165-4DE7-8D11-AEF844422479}"
EndProject
Global
	GlobalSection(SolutionConfigurationPlatforms) = preSolution
		Debug|Any CPU = Debug|Any CPU
		Release|Any CPU = Release|Any CPU
	EndGlobalSection
	GlobalSection(ProjectConfigurationPlatforms) = postSolution
		{EF044920-C808-4029-AAFE-5D71A47E0E7F}.Debug|Any CPU.ActiveCfg = Debug|Any CPU
		{EF044920-C808-4029-AAFE-5D71A47E0E7F}.Debug|Any CPU.Build.0 = Debug|Any CPU
		{EF044920-C808-4029-AAFE-5D71A47E0E7F}.Release|Any CPU.ActiveCfg = Release|Any CPU
		{EF044920-C808-4029-AAFE-5D71A47E0E7F}.Release|Any CPU.Build.0 = Release|Any CPU
		{DE3FAADA-04E6-4289-B69D-F64D9120640E}.Debug|Any CPU.ActiveCfg = Debug|Any CPU
		{DE3FAADA-04E6-4289-B69D-F64D9120640E}.Debug|Any CPU.Build.0 = Debug|Any CPU
		{DE3FAADA-04E6-4289-B69D-F64D9120640E}.Release|Any CPU.ActiveCfg = Release|Any CPU
		{DE3FAADA-04E6-4289-B69D-F64D9120640E}.Release|Any CPU.Build.0 = Release|Any CPU
		{26007DE1-1BD8-4999-8C09-D904EDA25DFD}.Debug|Any CPU.ActiveCfg = Debug|Any CPU
		{26007DE1-1BD8-4999-8C09-D904EDA25DFD}.Debug|Any CPU.Build.0 = Debug|Any CPU
		{26007DE1-1BD8-4999-8C09-D904EDA25DFD}.Release|Any CPU.ActiveCfg = Release|Any CPU
		{26007DE1-1BD8-4999-8C09-D904EDA25DFD}.Release|Any CPU.Build.0 = Release|Any CPU
		{198418A3-392C-493F-AC41-CC4AE2449C88}.Debug|Any CPU.ActiveCfg = Debug|Any CPU
		{198418A3-392C-493F-AC41-CC4AE2449C88}.Debug|Any CPU.Build.0 = Debug|Any CPU
		{198418A3-392C-493F-AC41-CC4AE2449C88}.Release|Any CPU.ActiveCfg = Release|Any CPU
		{198418A3-392C-493F-AC41-CC4AE2449C88}.Release|Any CPU.Build.0 = Release|Any CPU
		{F1BE5FD8-C5B7-4700-BA84-3511A6BF3D8D}.Debug|Any CPU.ActiveCfg = Debug|Any CPU
		{F1BE5FD8-C5B7-4700-BA84-3511A6BF3D8D}.Debug|Any CPU.Build.0 = Debug|Any CPU
		{F1BE5FD8-C5B7-4700-BA84-3511A6BF3D8D}.Release|Any CPU.ActiveCfg = Release|Any CPU
		{F1BE5FD8-C5B7-4700-BA84-3511A6BF3D8D}.Release|Any CPU.Build.0 = Release|Any CPU
		{2139EB64-E165-4DE7-8D11-AEF844422479}.Debug|Any CPU.ActiveCfg = Debug|Any CPU
		{2139EB64-E165-4DE7-8D11-AEF844422479}.Debug|Any CPU.Build.0 = Debug|Any CPU
		{2139EB64-E165-4DE7-8D11-AEF844422479}.Release|Any CPU.ActiveCfg = Release|Any CPU
		{2139EB64-E165-4DE7-8D11-AEF844422479}.Release|Any CPU.Build.0 = Release|Any CPU
	EndGlobalSection
	GlobalSection(SolutionProperties) = preSolution
		HideSolutionNode = FALSE
	EndGlobalSection
	GlobalSection(ExtensibilityGlobals) = postSolution
		SolutionGuid = {66C50128-2DD4-4963-8A30-BA94E6D5020F}
	EndGlobalSection
EndGlobal
